
Microsoft Visual Studio Solution File, Format Version 12.00
# Visual Studio Version 17
VisualStudioVersion = 17.7.34031.279
MinimumVisualStudioVersion = 10.0.40219.1
Project("{9A19103F-16F7-4668-BE54-9A1E7A4F7556}") = "task_2", "task_2\task_2.csproj", "{BC0BABC2-1E46-4B3C-BF0C-2205B92D3570}"
EndProject
Project("{9A19103F-16F7-4668-BE54-9A1E7A4F7556}") = "task_4", "task_4\task_4.csproj", "{12639559-239D-4535-A0B9-AA55E757869C}"
EndProject
Project("{9A19103F-16F7-4668-BE54-9A1E7A4F7556}") = "task_3", "task_3\task_3.csproj", "{755DE01E-975D-435F-918D-E2C862B6CBAD}"
EndProject
Project("{9A19103F-16F7-4668-BE54-9A1E7A4F7556}") = "task_5", "task_5\task_5.csproj", "{574C7422-2D15-4429-9340-5B75D1879877}"
EndProject
Project("{FAE04EC0-301F-11D3-BF4B-00C04F79EFBC}") = "task1", "task1\task1.csproj", "{3BF597EE-3D36-4263-9C8C-647586F04912}"
EndProject
Global
	GlobalSection(SolutionConfigurationPlatforms) = preSolution
		Debug|Any CPU = Debug|Any CPU
		Release|Any CPU = Release|Any CPU
	EndGlobalSection
	GlobalSection(ProjectConfigurationPlatforms) = postSolution
		{BC0BABC2-1E46-4B3C-BF0C-2205B92D3570}.Debug|Any CPU.ActiveCfg = Debug|Any CPU
		{BC0BABC2-1E46-4B3C-BF0C-2205B92D3570}.Debug|Any CPU.Build.0 = Debug|Any CPU
		{BC0BABC2-1E46-4B3C-BF0C-2205B92D3570}.Release|Any CPU.ActiveCfg = Release|Any CPU
		{BC0BABC2-1E46-4B3C-BF0C-2205B92D3570}.Release|Any CPU.Build.0 = Release|Any CPU
		{12639559-239D-4535-A0B9-AA55E757869C}.Debug|Any CPU.ActiveCfg = Debug|Any CPU
		{12639559-239D-4535-A0B9-AA55E757869C}.Debug|Any CPU.Build.0 = Debug|Any CPU
		{12639559-239D-4535-A0B9-AA55E757869C}.Release|Any CPU.ActiveCfg = Release|Any CPU
		{12639559-239D-4535-A0B9-AA55E757869C}.Release|Any CPU.Build.0 = Release|Any CPU
		{755DE01E-975D-435F-918D-E2C862B6CBAD}.Debug|Any CPU.ActiveCfg = Debug|Any CPU
		{755DE01E-975D-435F-918D-E2C862B6CBAD}.Debug|Any CPU.Build.0 = Debug|Any CPU
		{755DE01E-975D-435F-918D-E2C862B6CBAD}.Release|Any CPU.ActiveCfg = Release|Any CPU
		{755DE01E-975D-435F-918D-E2C862B6CBAD}.Release|Any CPU.Build.0 = Release|Any CPU
		{574C7422-2D15-4429-9340-5B75D1879877}.Debug|Any CPU.ActiveCfg = Debug|Any CPU
		{574C7422-2D15-4429-9340-5B75D1879877}.Debug|Any CPU.Build.0 = Debug|Any CPU
		{574C7422-2D15-4429-9340-5B75D1879877}.Release|Any CPU.ActiveCfg = Release|Any CPU
		{574C7422-2D15-4429-9340-5B75D1879877}.Release|Any CPU.Build.0 = Release|Any CPU
		{3BF597EE-3D36-4263-9C8C-647586F04912}.Debug|Any CPU.ActiveCfg = Debug|Any CPU
		{3BF597EE-3D36-4263-9C8C-647586F04912}.Debug|Any CPU.Build.0 = Debug|Any CPU
		{3BF597EE-3D36-4263-9C8C-647586F04912}.Release|Any CPU.ActiveCfg = Release|Any CPU
		{3BF597EE-3D36-4263-9C8C-647586F04912}.Release|Any CPU.Build.0 = Release|Any CPU
	EndGlobalSection
	GlobalSection(SolutionProperties) = preSolution
		HideSolutionNode = FALSE
	EndGlobalSection
	GlobalSection(ExtensibilityGlobals) = postSolution
		SolutionGuid = {37737A69-26EC-4A90-B9A3-DDF40B06A5CC}
	EndGlobalSection
EndGlobal
